
Microsoft Visual Studio Solution File, Format Version 12.00
# Visual Studio Version 17
VisualStudioVersion = 17.1.32407.343
MinimumVisualStudioVersion = 10.0.40219.1
Project("{FAE04EC0-301F-11D3-BF4B-00C04F79EFBC}") = "Entidades", "Entidades\Entidades.csproj", "{687D7A8D-0338-4FD6-A18D-078E3AFA6355}"
EndProject
Project("{FAE04EC0-301F-11D3-BF4B-00C04F79EFBC}") = "MiCalculadora", "MiCalculadora\MiCalculadora.csproj", "{BBFBE3D5-2E4D-4524-9BCA-DCB852F82D4F}"
EndProject
Global
	GlobalSection(SolutionConfigurationPlatforms) = preSolution
		Debug|Any CPU = Debug|Any CPU
		Release|Any CPU = Release|Any CPU
	EndGlobalSection
	GlobalSection(ProjectConfigurationPlatforms) = postSolution
		{687D7A8D-0338-4FD6-A18D-078E3AFA6355}.Debug|Any CPU.ActiveCfg = Debug|Any CPU
		{687D7A8D-0338-4FD6-A18D-078E3AFA6355}.Debug|Any CPU.Build.0 = Debug|Any CPU
		{687D7A8D-0338-4FD6-A18D-078E3AFA6355}.Release|Any CPU.ActiveCfg = Release|Any CPU
		{687D7A8D-0338-4FD6-A18D-078E3AFA6355}.Release|Any CPU.Build.0 = Release|Any CPU
		{BBFBE3D5-2E4D-4524-9BCA-DCB852F82D4F}.Debug|Any CPU.ActiveCfg = Debug|Any CPU
		{BBFBE3D5-2E4D-4524-9BCA-DCB852F82D4F}.Debug|Any CPU.Build.0 = Debug|Any CPU
		{BBFBE3D5-2E4D-4524-9BCA-DCB852F82D4F}.Release|Any CPU.ActiveCfg = Release|Any CPU
		{BBFBE3D5-2E4D-4524-9BCA-DCB852F82D4F}.Release|Any CPU.Build.0 = Release|Any CPU
	EndGlobalSection
	GlobalSection(SolutionProperties) = preSolution
		HideSolutionNode = FALSE
	EndGlobalSection
	GlobalSection(ExtensibilityGlobals) = postSolution
		SolutionGuid = {5ACD5C1E-74A8-4947-88DD-18ECD826D91B}
	EndGlobalSection
EndGlobal
